
Microsoft Visual Studio Solution File, Format Version 12.00
# Visual Studio Version 16
VisualStudioVersion = 16.0.29209.62
MinimumVisualStudioVersion = 10.0.40219.1
Project("{FAE04EC0-301F-11D3-BF4B-00C04F79EFBC}") = "BD_IdleGame2", "BD_IdleGame2\BD_IdleGame2.csproj", "{DFD8DEA4-F305-4A0F-AD3B-9A738E2F2BEF}"
EndProject
Global
	GlobalSection(SolutionConfigurationPlatforms) = preSolution
		Debug|Any CPU = Debug|Any CPU
		Release|Any CPU = Release|Any CPU
	EndGlobalSection
	GlobalSection(ProjectConfigurationPlatforms) = postSolution
		{DFD8DEA4-F305-4A0F-AD3B-9A738E2F2BEF}.Debug|Any CPU.ActiveCfg = Debug|Any CPU
		{DFD8DEA4-F305-4A0F-AD3B-9A738E2F2BEF}.Debug|Any CPU.Build.0 = Debug|Any CPU
		{DFD8DEA4-F305-4A0F-AD3B-9A738E2F2BEF}.Release|Any CPU.ActiveCfg = Release|Any CPU
		{DFD8DEA4-F305-4A0F-AD3B-9A738E2F2BEF}.Release|Any CPU.Build.0 = Release|Any CPU
	EndGlobalSection
	GlobalSection(SolutionProperties) = preSolution
		HideSolutionNode = FALSE
	EndGlobalSection
	GlobalSection(ExtensibilityGlobals) = postSolution
		SolutionGuid = {92B920E4-7CA7-4F1D-AA8C-35167AE51167}
	EndGlobalSection
EndGlobal
